
Microsoft Visual Studio Solution File, Format Version 12.00
# Visual Studio Version 16
VisualStudioVersion = 16.0.29926.136
MinimumVisualStudioVersion = 10.0.40219.1
Project("{F2A71F9B-5D33-465A-A702-920D77279786}") = "IS4", "IS4\IS4.fsproj", "{EBECF90E-CF6B-450B-8888-5C4301CE2354}"
EndProject
Global
	GlobalSection(SolutionConfigurationPlatforms) = preSolution
		Debug|Any CPU = Debug|Any CPU
		Release|Any CPU = Release|Any CPU
	EndGlobalSection
	GlobalSection(ProjectConfigurationPlatforms) = postSolution
		{EBECF90E-CF6B-450B-8888-5C4301CE2354}.Debug|Any CPU.ActiveCfg = Debug|Any CPU
		{EBECF90E-CF6B-450B-8888-5C4301CE2354}.Debug|Any CPU.Build.0 = Debug|Any CPU
		{EBECF90E-CF6B-450B-8888-5C4301CE2354}.Release|Any CPU.ActiveCfg = Release|Any CPU
		{EBECF90E-CF6B-450B-8888-5C4301CE2354}.Release|Any CPU.Build.0 = Release|Any CPU
	EndGlobalSection
	GlobalSection(SolutionProperties) = preSolution
		HideSolutionNode = FALSE
	EndGlobalSection
	GlobalSection(ExtensibilityGlobals) = postSolution
		SolutionGuid = {480C15F4-7230-4316-BEF6-5510368E3939}
	EndGlobalSection
EndGlobal
